
Microsoft Visual Studio Solution File, Format Version 12.00
# Visual Studio 15
VisualStudioVersion = 15.0.27004.2002
MinimumVisualStudioVersion = 10.0.40219.1
Project("{FAE04EC0-301F-11D3-BF4B-00C04F79EFBC}") = "FactoryPattern", "FactoryPattern\FactoryPattern.csproj", "{3528ABAF-611D-4B3B-B888-8FB14FAA6FC7}"
EndProject
Project("{FAE04EC0-301F-11D3-BF4B-00C04F79EFBC}") = "GUIWriterLibrary", "GUIWriterLibrary\GUIWriterLibrary.csproj", "{C53722EA-6CE9-4B7C-A236-0211DE4CB3AB}"
EndProject
Project("{FAE04EC0-301F-11D3-BF4B-00C04F79EFBC}") = "EditingWPF", "EditingWPF\EditingWPF.csproj", "{4455222C-3C57-4E5C-BD82-F8BF84671E7F}"
EndProject
Global
	GlobalSection(SolutionConfigurationPlatforms) = preSolution
		Debug|Any CPU = Debug|Any CPU
		Release|Any CPU = Release|Any CPU
	EndGlobalSection
	GlobalSection(ProjectConfigurationPlatforms) = postSolution
		{3528ABAF-611D-4B3B-B888-8FB14FAA6FC7}.Debug|Any CPU.ActiveCfg = Debug|Any CPU
		{3528ABAF-611D-4B3B-B888-8FB14FAA6FC7}.Debug|Any CPU.Build.0 = Debug|Any CPU
		{3528ABAF-611D-4B3B-B888-8FB14FAA6FC7}.Release|Any CPU.ActiveCfg = Release|Any CPU
		{3528ABAF-611D-4B3B-B888-8FB14FAA6FC7}.Release|Any CPU.Build.0 = Release|Any CPU
		{C53722EA-6CE9-4B7C-A236-0211DE4CB3AB}.Debug|Any CPU.ActiveCfg = Debug|Any CPU
		{C53722EA-6CE9-4B7C-A236-0211DE4CB3AB}.Debug|Any CPU.Build.0 = Debug|Any CPU
		{C53722EA-6CE9-4B7C-A236-0211DE4CB3AB}.Release|Any CPU.ActiveCfg = Release|Any CPU
		{C53722EA-6CE9-4B7C-A236-0211DE4CB3AB}.Release|Any CPU.Build.0 = Release|Any CPU
		{4455222C-3C57-4E5C-BD82-F8BF84671E7F}.Debug|Any CPU.ActiveCfg = Debug|Any CPU
		{4455222C-3C57-4E5C-BD82-F8BF84671E7F}.Debug|Any CPU.Build.0 = Debug|Any CPU
		{4455222C-3C57-4E5C-BD82-F8BF84671E7F}.Release|Any CPU.ActiveCfg = Release|Any CPU
		{4455222C-3C57-4E5C-BD82-F8BF84671E7F}.Release|Any CPU.Build.0 = Release|Any CPU
	EndGlobalSection
	GlobalSection(SolutionProperties) = preSolution
		HideSolutionNode = FALSE
	EndGlobalSection
	GlobalSection(ExtensibilityGlobals) = postSolution
		SolutionGuid = {D7F77EA0-EC38-4C4C-8EFE-D3B19F3E8292}
	EndGlobalSection
EndGlobal
